
Microsoft Visual Studio Solution File, Format Version 12.00
# Visual Studio Version 17
VisualStudioVersion = 17.11.35219.272
MinimumVisualStudioVersion = 10.0.40219.1
Project("{2150E333-8FDC-42A3-9474-1A3956D46DE8}") = "D2JClínicaOdontológica", "D2JClínicaOdontológica", "{0ADE4BC0-5B1F-4461-AAA8-F36E3F5E8903}"
EndProject
Project("{2150E333-8FDC-42A3-9474-1A3956D46DE8}") = "Adapters", "Adapters", "{20E8CEF9-F7D1-479E-A632-136865A8AC74}"
EndProject
Project("{2150E333-8FDC-42A3-9474-1A3956D46DE8}") = "Consumers", "Consumers", "{F405F3CC-FA95-4BDC-8A2E-B865966C81DD}"
EndProject
Project("{2150E333-8FDC-42A3-9474-1A3956D46DE8}") = "Core", "Core", "{32772834-BB34-4B4F-9FB2-5EA5BEF005C5}"
EndProject
Project("{2150E333-8FDC-42A3-9474-1A3956D46DE8}") = "Tests", "Tests", "{57AE84FB-7771-4E65-A020-F662F9143926}"
EndProject
Project("{2150E333-8FDC-42A3-9474-1A3956D46DE8}") = "Application", "Application", "{76FE9431-38EC-4D5B-BB7B-7BE25A5705F9}"
EndProject
Project("{2150E333-8FDC-42A3-9474-1A3956D46DE8}") = "Domain", "Domain", "{A4BDE3C5-CD62-42ED-9D13-73EFFC66F58D}"
EndProject
Project("{2150E333-8FDC-42A3-9474-1A3956D46DE8}") = "Adapters", "Adapters", "{C4D8632F-A96D-44F2-9F4B-C9594FA11089}"
EndProject
Project("{2150E333-8FDC-42A3-9474-1A3956D46DE8}") = "Application", "Application", "{0B7DE3DC-4CB4-4EE0-A848-00D9313558B5}"
EndProject
Project("{2150E333-8FDC-42A3-9474-1A3956D46DE8}") = "Domain", "Domain", "{BC8B1D42-D889-40F1-B214-434E871A97D2}"
EndProject
Project("{9A19103F-16F7-4668-BE54-9A1E7A4F7556}") = "API", "Consumers\API\API.csproj", "{30C1DA13-CEA2-46D6-AF9D-2ED73B0D6C63}"
EndProject
Project("{9A19103F-16F7-4668-BE54-9A1E7A4F7556}") = "Data", "Adapters\Data\Data.csproj", "{1FF7E77E-B453-459E-9289-9FD99C0BBD5E}"
EndProject
Project("{9A19103F-16F7-4668-BE54-9A1E7A4F7556}") = "Domain", "Core\Domain\Domain\Domain.csproj", "{884AFA20-DB74-4771-8535-E603E10AC8F2}"
EndProject
Project("{9A19103F-16F7-4668-BE54-9A1E7A4F7556}") = "Application", "Core\Application\Application\Application.csproj", "{01CE99E7-CA40-4796-B6FC-26044CAB42BA}"
EndProject
Project("{9A19103F-16F7-4668-BE54-9A1E7A4F7556}") = "AdaptersTests", "Tests\Adapters\AdaptersTests\AdaptersTests.csproj", "{8FC4ABE6-3A1C-49DB-AB6C-145153859D42}"
EndProject
Project("{9A19103F-16F7-4668-BE54-9A1E7A4F7556}") = "ApplicationTests", "Tests\Application\ApplicationTests\ApplicationTests.csproj", "{C34B9BC3-9C00-4C01-98EF-299F99F4BF16}"
EndProject
Project("{9A19103F-16F7-4668-BE54-9A1E7A4F7556}") = "DomainTests", "Tests\Domain\DomainTests\DomainTests.csproj", "{1B22339C-C7DD-41D6-B8D1-73DA859B4BEC}"
	ProjectSection(ProjectDependencies) = postProject
		{884AFA20-DB74-4771-8535-E603E10AC8F2} = {884AFA20-DB74-4771-8535-E603E10AC8F2}
	EndProjectSection
EndProject
Global
	GlobalSection(SolutionConfigurationPlatforms) = preSolution
		Debug|Any CPU = Debug|Any CPU
		Release|Any CPU = Release|Any CPU
	EndGlobalSection
	GlobalSection(ProjectConfigurationPlatforms) = postSolution
		{30C1DA13-CEA2-46D6-AF9D-2ED73B0D6C63}.Debug|Any CPU.ActiveCfg = Debug|Any CPU
		{30C1DA13-CEA2-46D6-AF9D-2ED73B0D6C63}.Debug|Any CPU.Build.0 = Debug|Any CPU
		{30C1DA13-CEA2-46D6-AF9D-2ED73B0D6C63}.Release|Any CPU.ActiveCfg = Release|Any CPU
		{30C1DA13-CEA2-46D6-AF9D-2ED73B0D6C63}.Release|Any CPU.Build.0 = Release|Any CPU
		{1FF7E77E-B453-459E-9289-9FD99C0BBD5E}.Debug|Any CPU.ActiveCfg = Debug|Any CPU
		{1FF7E77E-B453-459E-9289-9FD99C0BBD5E}.Debug|Any CPU.Build.0 = Debug|Any CPU
		{1FF7E77E-B453-459E-9289-9FD99C0BBD5E}.Release|Any CPU.ActiveCfg = Release|Any CPU
		{1FF7E77E-B453-459E-9289-9FD99C0BBD5E}.Release|Any CPU.Build.0 = Release|Any CPU
		{884AFA20-DB74-4771-8535-E603E10AC8F2}.Debug|Any CPU.ActiveCfg = Debug|Any CPU
		{884AFA20-DB74-4771-8535-E603E10AC8F2}.Debug|Any CPU.Build.0 = Debug|Any CPU
		{884AFA20-DB74-4771-8535-E603E10AC8F2}.Release|Any CPU.ActiveCfg = Release|Any CPU
		{884AFA20-DB74-4771-8535-E603E10AC8F2}.Release|Any CPU.Build.0 = Release|Any CPU
		{01CE99E7-CA40-4796-B6FC-26044CAB42BA}.Debug|Any CPU.ActiveCfg = Debug|Any CPU
		{01CE99E7-CA40-4796-B6FC-26044CAB42BA}.Debug|Any CPU.Build.0 = Debug|Any CPU
		{01CE99E7-CA40-4796-B6FC-26044CAB42BA}.Release|Any CPU.ActiveCfg = Release|Any CPU
		{01CE99E7-CA40-4796-B6FC-26044CAB42BA}.Release|Any CPU.Build.0 = Release|Any CPU
		{8FC4ABE6-3A1C-49DB-AB6C-145153859D42}.Debug|Any CPU.ActiveCfg = Debug|Any CPU
		{8FC4ABE6-3A1C-49DB-AB6C-145153859D42}.Debug|Any CPU.Build.0 = Debug|Any CPU
		{8FC4ABE6-3A1C-49DB-AB6C-145153859D42}.Release|Any CPU.ActiveCfg = Release|Any CPU
		{8FC4ABE6-3A1C-49DB-AB6C-145153859D42}.Release|Any CPU.Build.0 = Release|Any CPU
		{C34B9BC3-9C00-4C01-98EF-299F99F4BF16}.Debug|Any CPU.ActiveCfg = Debug|Any CPU
		{C34B9BC3-9C00-4C01-98EF-299F99F4BF16}.Debug|Any CPU.Build.0 = Debug|Any CPU
		{C34B9BC3-9C00-4C01-98EF-299F99F4BF16}.Release|Any CPU.ActiveCfg = Release|Any CPU
		{C34B9BC3-9C00-4C01-98EF-299F99F4BF16}.Release|Any CPU.Build.0 = Release|Any CPU
		{1B22339C-C7DD-41D6-B8D1-73DA859B4BEC}.Debug|Any CPU.ActiveCfg = Debug|Any CPU
		{1B22339C-C7DD-41D6-B8D1-73DA859B4BEC}.Debug|Any CPU.Build.0 = Debug|Any CPU
		{1B22339C-C7DD-41D6-B8D1-73DA859B4BEC}.Release|Any CPU.ActiveCfg = Release|Any CPU
		{1B22339C-C7DD-41D6-B8D1-73DA859B4BEC}.Release|Any CPU.Build.0 = Release|Any CPU
	EndGlobalSection
	GlobalSection(SolutionProperties) = preSolution
		HideSolutionNode = FALSE
	EndGlobalSection
	GlobalSection(NestedProjects) = preSolution
		{20E8CEF9-F7D1-479E-A632-136865A8AC74} = {0ADE4BC0-5B1F-4461-AAA8-F36E3F5E8903}
		{F405F3CC-FA95-4BDC-8A2E-B865966C81DD} = {0ADE4BC0-5B1F-4461-AAA8-F36E3F5E8903}
		{32772834-BB34-4B4F-9FB2-5EA5BEF005C5} = {0ADE4BC0-5B1F-4461-AAA8-F36E3F5E8903}
		{57AE84FB-7771-4E65-A020-F662F9143926} = {0ADE4BC0-5B1F-4461-AAA8-F36E3F5E8903}
		{76FE9431-38EC-4D5B-BB7B-7BE25A5705F9} = {32772834-BB34-4B4F-9FB2-5EA5BEF005C5}
		{A4BDE3C5-CD62-42ED-9D13-73EFFC66F58D} = {32772834-BB34-4B4F-9FB2-5EA5BEF005C5}
		{C4D8632F-A96D-44F2-9F4B-C9594FA11089} = {57AE84FB-7771-4E65-A020-F662F9143926}
		{0B7DE3DC-4CB4-4EE0-A848-00D9313558B5} = {57AE84FB-7771-4E65-A020-F662F9143926}
		{BC8B1D42-D889-40F1-B214-434E871A97D2} = {57AE84FB-7771-4E65-A020-F662F9143926}
		{30C1DA13-CEA2-46D6-AF9D-2ED73B0D6C63} = {F405F3CC-FA95-4BDC-8A2E-B865966C81DD}
		{1FF7E77E-B453-459E-9289-9FD99C0BBD5E} = {20E8CEF9-F7D1-479E-A632-136865A8AC74}
		{884AFA20-DB74-4771-8535-E603E10AC8F2} = {A4BDE3C5-CD62-42ED-9D13-73EFFC66F58D}
		{01CE99E7-CA40-4796-B6FC-26044CAB42BA} = {76FE9431-38EC-4D5B-BB7B-7BE25A5705F9}
		{8FC4ABE6-3A1C-49DB-AB6C-145153859D42} = {C4D8632F-A96D-44F2-9F4B-C9594FA11089}
		{C34B9BC3-9C00-4C01-98EF-299F99F4BF16} = {0B7DE3DC-4CB4-4EE0-A848-00D9313558B5}
		{1B22339C-C7DD-41D6-B8D1-73DA859B4BEC} = {BC8B1D42-D889-40F1-B214-434E871A97D2}
	EndGlobalSection
	GlobalSection(ExtensibilityGlobals) = postSolution
		SolutionGuid = {80ECCC94-3048-4E8D-BEF3-5177CA873151}
	EndGlobalSection
EndGlobal
